
Microsoft Visual Studio Solution File, Format Version 12.00
# Visual Studio 15
VisualStudioVersion = 15.0.27130.2020
MinimumVisualStudioVersion = 10.0.40219.1
Project("{2150E333-8FDC-42A3-9474-1A3956D46DE8}") = "MANAGED", "MANAGED", "{1A4EC751-3915-4AAA-8D37-E4F4079EA51E}"
EndProject
Project("{2150E333-8FDC-42A3-9474-1A3956D46DE8}") = "NATIVE", "NATIVE", "{6ABCBCB4-C66F-4A63-970E-3232204A9ADF}"
EndProject
Project("{FAE04EC0-301F-11D3-BF4B-00C04F79EFBC}") = "BuggerNet", "BuggerNet\BuggerNet.csproj", "{DAEDC62F-C4D9-4445-8181-F773ECFCB339}"
EndProject
Project("{2150E333-8FDC-42A3-9474-1A3956D46DE8}") = "AuxNet", "AuxNet", "{585B2F88-1CD9-4425-A24C-A93BACC03631}"
EndProject
Project("{FAE04EC0-301F-11D3-BF4B-00C04F79EFBC}") = "BuggerNetSvc", "BuggerNetSvc\BuggerNetSvc.csproj", "{0D45D22C-2052-431A-9BEA-7B06A827EA78}"
EndProject
Project("{FAE04EC0-301F-11D3-BF4B-00C04F79EFBC}") = "BuggerNetEng", "BuggerNetEng\BuggerNetEng.csproj", "{8DE5827D-7434-4FB8-BDF2-2CC5B35BFB53}"
EndProject
Project("{8BC9CEB8-8B4A-11D0-8D11-00A0C91BC942}") = "BuggerNatLib", "BuggerNatLib\BuggerNatLib.vcxproj", "{6694A061-D3DB-40E7-B97F-231CD026AF56}"
EndProject
Global
	GlobalSection(SolutionConfigurationPlatforms) = preSolution
		Debug|Any CPU = Debug|Any CPU
		Debug|x64 = Debug|x64
		Debug|x86 = Debug|x86
		Release|Any CPU = Release|Any CPU
		Release|x64 = Release|x64
		Release|x86 = Release|x86
	EndGlobalSection
	GlobalSection(ProjectConfigurationPlatforms) = postSolution
		{DAEDC62F-C4D9-4445-8181-F773ECFCB339}.Debug|Any CPU.ActiveCfg = Debug|Any CPU
		{DAEDC62F-C4D9-4445-8181-F773ECFCB339}.Debug|Any CPU.Build.0 = Debug|Any CPU
		{DAEDC62F-C4D9-4445-8181-F773ECFCB339}.Debug|x64.ActiveCfg = Debug|x64
		{DAEDC62F-C4D9-4445-8181-F773ECFCB339}.Debug|x64.Build.0 = Debug|x64
		{DAEDC62F-C4D9-4445-8181-F773ECFCB339}.Debug|x86.ActiveCfg = Debug|Any CPU
		{DAEDC62F-C4D9-4445-8181-F773ECFCB339}.Debug|x86.Build.0 = Debug|Any CPU
		{DAEDC62F-C4D9-4445-8181-F773ECFCB339}.Release|Any CPU.ActiveCfg = Release|Any CPU
		{DAEDC62F-C4D9-4445-8181-F773ECFCB339}.Release|Any CPU.Build.0 = Release|Any CPU
		{DAEDC62F-C4D9-4445-8181-F773ECFCB339}.Release|x64.ActiveCfg = Release|x64
		{DAEDC62F-C4D9-4445-8181-F773ECFCB339}.Release|x64.Build.0 = Release|x64
		{DAEDC62F-C4D9-4445-8181-F773ECFCB339}.Release|x86.ActiveCfg = Release|Any CPU
		{DAEDC62F-C4D9-4445-8181-F773ECFCB339}.Release|x86.Build.0 = Release|Any CPU
		{0D45D22C-2052-431A-9BEA-7B06A827EA78}.Debug|Any CPU.ActiveCfg = Debug|Any CPU
		{0D45D22C-2052-431A-9BEA-7B06A827EA78}.Debug|Any CPU.Build.0 = Debug|Any CPU
		{0D45D22C-2052-431A-9BEA-7B06A827EA78}.Debug|x64.ActiveCfg = Debug|x64
		{0D45D22C-2052-431A-9BEA-7B06A827EA78}.Debug|x64.Build.0 = Debug|x64
		{0D45D22C-2052-431A-9BEA-7B06A827EA78}.Debug|x86.ActiveCfg = Debug|Any CPU
		{0D45D22C-2052-431A-9BEA-7B06A827EA78}.Debug|x86.Build.0 = Debug|Any CPU
		{0D45D22C-2052-431A-9BEA-7B06A827EA78}.Release|Any CPU.ActiveCfg = Release|Any CPU
		{0D45D22C-2052-431A-9BEA-7B06A827EA78}.Release|Any CPU.Build.0 = Release|Any CPU
		{0D45D22C-2052-431A-9BEA-7B06A827EA78}.Release|x64.ActiveCfg = Release|x64
		{0D45D22C-2052-431A-9BEA-7B06A827EA78}.Release|x64.Build.0 = Release|x64
		{0D45D22C-2052-431A-9BEA-7B06A827EA78}.Release|x86.ActiveCfg = Release|Any CPU
		{0D45D22C-2052-431A-9BEA-7B06A827EA78}.Release|x86.Build.0 = Release|Any CPU
		{8DE5827D-7434-4FB8-BDF2-2CC5B35BFB53}.Debug|Any CPU.ActiveCfg = Debug|Any CPU
		{8DE5827D-7434-4FB8-BDF2-2CC5B35BFB53}.Debug|Any CPU.Build.0 = Debug|Any CPU
		{8DE5827D-7434-4FB8-BDF2-2CC5B35BFB53}.Debug|x64.ActiveCfg = Debug|x64
		{8DE5827D-7434-4FB8-BDF2-2CC5B35BFB53}.Debug|x64.Build.0 = Debug|x64
		{8DE5827D-7434-4FB8-BDF2-2CC5B35BFB53}.Debug|x86.ActiveCfg = Debug|Any CPU
		{8DE5827D-7434-4FB8-BDF2-2CC5B35BFB53}.Debug|x86.Build.0 = Debug|Any CPU
		{8DE5827D-7434-4FB8-BDF2-2CC5B35BFB53}.Release|Any CPU.ActiveCfg = Release|Any CPU
		{8DE5827D-7434-4FB8-BDF2-2CC5B35BFB53}.Release|Any CPU.Build.0 = Release|Any CPU
		{8DE5827D-7434-4FB8-BDF2-2CC5B35BFB53}.Release|x64.ActiveCfg = Release|x64
		{8DE5827D-7434-4FB8-BDF2-2CC5B35BFB53}.Release|x64.Build.0 = Release|x64
		{8DE5827D-7434-4FB8-BDF2-2CC5B35BFB53}.Release|x86.ActiveCfg = Release|Any CPU
		{8DE5827D-7434-4FB8-BDF2-2CC5B35BFB53}.Release|x86.Build.0 = Release|Any CPU
		{6694A061-D3DB-40E7-B97F-231CD026AF56}.Debug|Any CPU.ActiveCfg = Debug|Win32
		{6694A061-D3DB-40E7-B97F-231CD026AF56}.Debug|x64.ActiveCfg = Debug|x64
		{6694A061-D3DB-40E7-B97F-231CD026AF56}.Debug|x64.Build.0 = Debug|x64
		{6694A061-D3DB-40E7-B97F-231CD026AF56}.Debug|x86.ActiveCfg = Debug|Win32
		{6694A061-D3DB-40E7-B97F-231CD026AF56}.Debug|x86.Build.0 = Debug|Win32
		{6694A061-D3DB-40E7-B97F-231CD026AF56}.Release|Any CPU.ActiveCfg = Release|Win32
		{6694A061-D3DB-40E7-B97F-231CD026AF56}.Release|x64.ActiveCfg = Release|x64
		{6694A061-D3DB-40E7-B97F-231CD026AF56}.Release|x64.Build.0 = Release|x64
		{6694A061-D3DB-40E7-B97F-231CD026AF56}.Release|x86.ActiveCfg = Release|Win32
		{6694A061-D3DB-40E7-B97F-231CD026AF56}.Release|x86.Build.0 = Release|Win32
	EndGlobalSection
	GlobalSection(SolutionProperties) = preSolution
		HideSolutionNode = FALSE
	EndGlobalSection
	GlobalSection(NestedProjects) = preSolution
		{DAEDC62F-C4D9-4445-8181-F773ECFCB339} = {1A4EC751-3915-4AAA-8D37-E4F4079EA51E}
		{585B2F88-1CD9-4425-A24C-A93BACC03631} = {1A4EC751-3915-4AAA-8D37-E4F4079EA51E}
		{0D45D22C-2052-431A-9BEA-7B06A827EA78} = {1A4EC751-3915-4AAA-8D37-E4F4079EA51E}
		{8DE5827D-7434-4FB8-BDF2-2CC5B35BFB53} = {1A4EC751-3915-4AAA-8D37-E4F4079EA51E}
		{6694A061-D3DB-40E7-B97F-231CD026AF56} = {6ABCBCB4-C66F-4A63-970E-3232204A9ADF}
	EndGlobalSection
	GlobalSection(ExtensibilityGlobals) = postSolution
		SolutionGuid = {8826BFBB-E7A9-43E3-B3FA-B262A117DBB5}
	EndGlobalSection
EndGlobal
